github.com/aaronland/go-json-query v0.1.6 h1:i4HHIFeZr6jguE/TFWYSJmDZDH2PyrI5MH1YSqJ2F80=
github.com/aaronland/go-json-query v0.1.6/go.mod h1:acIgF0MbnW5fp/oGaVJAFs692X8ZQTsRoDlklXV3w9Q=
github.com/aaronland/go-roster v1.0.0 h1:FRDGrTqsYySKjWnAhbBGXyeGlI/o5/t9FZYCbUmyQtI=
github.com/aaronland/go-roster v1.0.0/go.mod h1:KIsYZgrJlAsyb9LsXSCvlqvbcCBVjCSqcQiZx42i9ro=
github.com/mattn/go-sqlite3 v1.14.28 h1:ThEiQrnbtumT+QMknw63Befp/ce/nUPgBPMlRFEum7A=
github.com/mattn/go-sqlite3 v1.14.28/go.mod h1:Uh1q+B4BYcTPb+yiD3kU8Ct7aC0hY9fxUwlHK0RXw+Y=
github.com/sfomuseum/go-database v0.0.14 h1:UjNRw1RfgVWFZF0PF5qqITHZeTRLGN+f2RYkirNFTPg=
github.com/sfomuseum/go-database v0.0.14/go.mod h1:c1oZwb0M0aYSI48SgE8b5iIrGrLFA8eJFk46E5g4JOM=
github.com/sfomuseum/go-flags v0.10.0 h1:1OC1ACxpWMsl3XQ9OeNVMQj7Zi2CzufP3Rym3mPI8HU=
github.com/sfomuseum/go-flags v0.10.0/go.mod h1:VXOnnX1/yxQpX2yiwHaBV6aCmhtszQOL5bL1/nNo3co=
github.com/tidwall/gjson v1.18.0 h1:FIDeeyB800efLX89e5a8Y0BNH+LOngJyGrIWxG2FKQY=
github.com/tidwall/gjson v1.18.0/go.mod h1:/wbyibRr2FHMks5tjHJ5F8dMZh3AcwJEMf5vlfC0lxk=
github.com/tidwall/match v1.1.1 h1:+Ho715JplO36QYgwN9PGYNhgZvoUSc9X2c80KVTi+GA=
github.com/tidwall/match v1.1.1/go.mod h1:eRSPERbgtNPcGhD8UCthc6PmLEQXEWd3PRB5JTxsfmM=
github.com/tidwall/pretty v1.2.0 h1:RWIZEg2iJ8/g6fDDYzMpobmaoGh5OLl4AXtGUGPcqCs=
github.com/tidwall/pretty v1.2.0/go.mod h1:ITEVvHYasfjBbM0u2Pg8T2nJnzm8xPwvNhhsoaGGjNU=
github.com/whosonfirst/go-ioutil v1.0.2 h1:+GJPfa42OFn5A+5yJSc5jQTQIkNV3/MhYyg4pavdrC8=
github.com/whosonfirst/go-ioutil v1.0.2/go.mod h1:2dS1vWdAIkiHDvDF8fYyjv6k2NISmwaIjJJeEDBEdvg=
github.com/whosonfirst/go-whosonfirst-iterate/v3 v3.0.0 h1:9W1VYn8F9OeRD6o7IGj1zCw1gPVM5tcYg7wCNUgxdmQ=
github.com/whosonfirst/go-whosonfirst-iterate/v3 v3.0.0/go.mod h1:8L1KzWtOnRue6Dvc9BI6hy4twHd6zu9XgKn8TlJ4d7g=
github.com/whosonfirst/go-whosonfirst-sources v0.1.0 h1:JuKLa6KWke22jBfJ1pM9WQHoz1/3pbDv2C+aR+THPPQ=
github.com/whosonfirst/go-whosonfirst-sources v0.1.0/go.mod h1:EUMHyGzUmqPPxlMmOp+28BFeoBdxxE0HCKRd67lkqGM=
github.com/whosonfirst/go-whosonfirst-uri v1.3.0 h1:LYOVLqP9rWQxauYVkdw65j5LZxEi8OK0GHh/qCEpX4g=
github.com/whosonfirst/go-whosonfirst-uri v1.3.0/go.mod h1:CuVygTCUpMG945MMvqHyqxvc/L5YkDaMrrVpRFr7ZxY=
